
Microsoft Visual Studio Solution File, Format Version 12.00
# Visual Studio Version 17
VisualStudioVersion = 17.8.34330.188
MinimumVisualStudioVersion = 10.0.40219.1
Project("{9A19103F-16F7-4668-BE54-9A1E7A4F7556}") = "webAPI_projectBYsteps", "webAPI_projectBYsteps\webAPI_projectBYsteps.csproj", "{0EF1279E-C864-414E-A680-1C52C2550DB5}"
EndProject
Project("{9A19103F-16F7-4668-BE54-9A1E7A4F7556}") = "Repository", "Repository\Repository.csproj", "{F93C942E-9131-486F-BF51-2DA8667F60C6}"
EndProject
Project("{9A19103F-16F7-4668-BE54-9A1E7A4F7556}") = "Entities", "Entities\Entities.csproj", "{37615F9C-A61F-4B54-848D-7156603ED501}"
EndProject
Project("{9A19103F-16F7-4668-BE54-9A1E7A4F7556}") = "Service", "Service\Service.csproj", "{8E319CD7-7E43-42B4-9413-452747D2836D}"
EndProject
Project("{FAE04EC0-301F-11D3-BF4B-00C04F79EFBC}") = "DTO", "DTO\DTO.csproj", "{397C3DD2-1957-4C8D-8DB5-587F25798389}"
EndProject
Global
	GlobalSection(SolutionConfigurationPlatforms) = preSolution
		Debug|Any CPU = Debug|Any CPU
		Release|Any CPU = Release|Any CPU
	EndGlobalSection
	GlobalSection(ProjectConfigurationPlatforms) = postSolution
		{0EF1279E-C864-414E-A680-1C52C2550DB5}.Debug|Any CPU.ActiveCfg = Debug|Any CPU
		{0EF1279E-C864-414E-A680-1C52C2550DB5}.Debug|Any CPU.Build.0 = Debug|Any CPU
		{0EF1279E-C864-414E-A680-1C52C2550DB5}.Release|Any CPU.ActiveCfg = Release|Any CPU
		{0EF1279E-C864-414E-A680-1C52C2550DB5}.Release|Any CPU.Build.0 = Release|Any CPU
		{F93C942E-9131-486F-BF51-2DA8667F60C6}.Debug|Any CPU.ActiveCfg = Debug|Any CPU
		{F93C942E-9131-486F-BF51-2DA8667F60C6}.Debug|Any CPU.Build.0 = Debug|Any CPU
		{F93C942E-9131-486F-BF51-2DA8667F60C6}.Release|Any CPU.ActiveCfg = Release|Any CPU
		{F93C942E-9131-486F-BF51-2DA8667F60C6}.Release|Any CPU.Build.0 = Release|Any CPU
		{37615F9C-A61F-4B54-848D-7156603ED501}.Debug|Any CPU.ActiveCfg = Debug|Any CPU
		{37615F9C-A61F-4B54-848D-7156603ED501}.Debug|Any CPU.Build.0 = Debug|Any CPU
		{37615F9C-A61F-4B54-848D-7156603ED501}.Release|Any CPU.ActiveCfg = Release|Any CPU
		{37615F9C-A61F-4B54-848D-7156603ED501}.Release|Any CPU.Build.0 = Release|Any CPU
		{8E319CD7-7E43-42B4-9413-452747D2836D}.Debug|Any CPU.ActiveCfg = Debug|Any CPU
		{8E319CD7-7E43-42B4-9413-452747D2836D}.Debug|Any CPU.Build.0 = Debug|Any CPU
		{8E319CD7-7E43-42B4-9413-452747D2836D}.Release|Any CPU.ActiveCfg = Release|Any CPU
		{8E319CD7-7E43-42B4-9413-452747D2836D}.Release|Any CPU.Build.0 = Release|Any CPU
		{397C3DD2-1957-4C8D-8DB5-587F25798389}.Debug|Any CPU.ActiveCfg = Debug|Any CPU
		{397C3DD2-1957-4C8D-8DB5-587F25798389}.Debug|Any CPU.Build.0 = Debug|Any CPU
		{397C3DD2-1957-4C8D-8DB5-587F25798389}.Release|Any CPU.ActiveCfg = Release|Any CPU
		{397C3DD2-1957-4C8D-8DB5-587F25798389}.Release|Any CPU.Build.0 = Release|Any CPU
	EndGlobalSection
	GlobalSection(SolutionProperties) = preSolution
		HideSolutionNode = FALSE
	EndGlobalSection
	GlobalSection(ExtensibilityGlobals) = postSolution
		SolutionGuid = {9BF6FF75-889F-40C0-8DC5-463AEACC2B3A}
	EndGlobalSection
EndGlobal
